
Microsoft Visual Studio Solution File, Format Version 12.00
# Visual Studio Version 16
VisualStudioVersion = 16.0.30523.141
MinimumVisualStudioVersion = 10.0.40219.1
Project("{9A19103F-16F7-4668-BE54-9A1E7A4F7556}") = "SampleWPF", "SampleWPF\SampleWPF.csproj", "{8AE5014F-1745-473B-AF07-6367DD6CB412}"
EndProject
Project("{9A19103F-16F7-4668-BE54-9A1E7A4F7556}") = "SampleWPF.Core", "SampleWPF.Core\SampleWPF.Core.csproj", "{98CC1BB5-724D-4ACA-9F91-E3547176D566}"
EndProject
Global
	GlobalSection(SolutionConfigurationPlatforms) = preSolution
		Debug|Any CPU = Debug|Any CPU
		Release|Any CPU = Release|Any CPU
	EndGlobalSection
	GlobalSection(ProjectConfigurationPlatforms) = postSolution
		{8AE5014F-1745-473B-AF07-6367DD6CB412}.Debug|Any CPU.ActiveCfg = Debug|Any CPU
		{8AE5014F-1745-473B-AF07-6367DD6CB412}.Debug|Any CPU.Build.0 = Debug|Any CPU
		{8AE5014F-1745-473B-AF07-6367DD6CB412}.Release|Any CPU.ActiveCfg = Release|Any CPU
		{8AE5014F-1745-473B-AF07-6367DD6CB412}.Release|Any CPU.Build.0 = Release|Any CPU
		{98CC1BB5-724D-4ACA-9F91-E3547176D566}.Debug|Any CPU.ActiveCfg = Debug|Any CPU
		{98CC1BB5-724D-4ACA-9F91-E3547176D566}.Debug|Any CPU.Build.0 = Debug|Any CPU
		{98CC1BB5-724D-4ACA-9F91-E3547176D566}.Release|Any CPU.ActiveCfg = Release|Any CPU
		{98CC1BB5-724D-4ACA-9F91-E3547176D566}.Release|Any CPU.Build.0 = Release|Any CPU
	EndGlobalSection
	GlobalSection(SolutionProperties) = preSolution
		HideSolutionNode = FALSE
	EndGlobalSection
	GlobalSection(ExtensibilityGlobals) = postSolution
		SolutionGuid = {C98BD78D-0BCA-4726-B96E-743485E140AF}
	EndGlobalSection
EndGlobal
