
Microsoft Visual Studio Solution File, Format Version 12.00
# Visual Studio 15
Project("{FAE04EC0-301F-11D3-BF4B-00C04F79EFBC}") = "AnalysisSignals", "AnalysisSignals\AnalysisSignals.csproj", "{82F11388-2FEF-4444-85A5-D7E6DE5CFBFF}"
EndProject
Project("{FAE04EC0-301F-11D3-BF4B-00C04F79EFBC}") = "AnalysisSignalsUnitTests", "AnalysisSignalsUnitTests\AnalysisSignalsUnitTests.csproj", "{3EE8D442-2FFE-466D-B018-0F49DDBC8EE6}"
EndProject
Global
	GlobalSection(SolutionConfigurationPlatforms) = preSolution
		Debug|Any CPU = Debug|Any CPU
		Release|Any CPU = Release|Any CPU
	EndGlobalSection
	GlobalSection(ProjectConfigurationPlatforms) = postSolution
		{82F11388-2FEF-4444-85A5-D7E6DE5CFBFF}.Debug|Any CPU.ActiveCfg = Debug|Any CPU
		{82F11388-2FEF-4444-85A5-D7E6DE5CFBFF}.Debug|Any CPU.Build.0 = Debug|Any CPU
		{82F11388-2FEF-4444-85A5-D7E6DE5CFBFF}.Release|Any CPU.ActiveCfg = Release|Any CPU
		{82F11388-2FEF-4444-85A5-D7E6DE5CFBFF}.Release|Any CPU.Build.0 = Release|Any CPU
		{3EE8D442-2FFE-466D-B018-0F49DDBC8EE6}.Debug|Any CPU.ActiveCfg = Debug|Any CPU
		{3EE8D442-2FFE-466D-B018-0F49DDBC8EE6}.Debug|Any CPU.Build.0 = Debug|Any CPU
		{3EE8D442-2FFE-466D-B018-0F49DDBC8EE6}.Release|Any CPU.ActiveCfg = Release|Any CPU
		{3EE8D442-2FFE-466D-B018-0F49DDBC8EE6}.Release|Any CPU.Build.0 = Release|Any CPU
	EndGlobalSection
EndGlobal
