
Microsoft Visual Studio Solution File, Format Version 12.00
# Visual Studio Version 16
VisualStudioVersion = 16.0.809.0
MinimumVisualStudioVersion = 10.0.40219.1
Project("{FAE04EC0-301F-11D3-BF4B-00C04F79EFBC}") = "OptionsPatternWorker", "OptionsPatternWorker\OptionsPatternWorker.csproj", "{1BEFC09F-72FB-49EB-9FB4-9C94AFE4D0C0}"
EndProject
Global
	GlobalSection(SolutionConfigurationPlatforms) = preSolution
		Debug|Any CPU = Debug|Any CPU
		Release|Any CPU = Release|Any CPU
	EndGlobalSection
	GlobalSection(ProjectConfigurationPlatforms) = postSolution
		{1BEFC09F-72FB-49EB-9FB4-9C94AFE4D0C0}.Debug|Any CPU.ActiveCfg = Debug|Any CPU
		{1BEFC09F-72FB-49EB-9FB4-9C94AFE4D0C0}.Debug|Any CPU.Build.0 = Debug|Any CPU
		{1BEFC09F-72FB-49EB-9FB4-9C94AFE4D0C0}.Release|Any CPU.ActiveCfg = Release|Any CPU
		{1BEFC09F-72FB-49EB-9FB4-9C94AFE4D0C0}.Release|Any CPU.Build.0 = Release|Any CPU
	EndGlobalSection
	GlobalSection(SolutionProperties) = preSolution
		HideSolutionNode = FALSE
	EndGlobalSection
	GlobalSection(ExtensibilityGlobals) = postSolution
		SolutionGuid = {736E2CF1-6FD0-4712-82C7-B6A609D78392}
	EndGlobalSection
EndGlobal
