
Microsoft Visual Studio Solution File, Format Version 12.00
# Visual Studio Version 16
VisualStudioVersion = 16.0.809.0
MinimumVisualStudioVersion = 10.0.40219.1
Project("{FAE04EC0-301F-11D3-BF4B-00C04F79EFBC}") = "ReportService", "ReportService\ReportService.csproj", "{BE9DB289-984D-436B-82D5-D4093C54F113}"
EndProject
Project("{FAE04EC0-301F-11D3-BF4B-00C04F79EFBC}") = "ReportWriter", "ReportWriter\ReportWriter.csproj", "{3503286B-BC0E-4D50-8DF4-8190190C92BA}"
EndProject
Project("{FAE04EC0-301F-11D3-BF4B-00C04F79EFBC}") = "UTReportService", "UTReportService\UTReportService.csproj", "{595C5D55-0D19-44E4-B280-9C63B9DAF025}"
EndProject
Project("{FAE04EC0-301F-11D3-BF4B-00C04F79EFBC}") = "DataOperator", "DataOperator\DataOperator.csproj", "{FC021430-EA90-4E22-9452-4CC4827AB643}"
EndProject
Global
	GlobalSection(SolutionConfigurationPlatforms) = preSolution
		Debug|Any CPU = Debug|Any CPU
		Release|Any CPU = Release|Any CPU
	EndGlobalSection
	GlobalSection(ProjectConfigurationPlatforms) = postSolution
		{BE9DB289-984D-436B-82D5-D4093C54F113}.Debug|Any CPU.ActiveCfg = Debug|Any CPU
		{BE9DB289-984D-436B-82D5-D4093C54F113}.Debug|Any CPU.Build.0 = Debug|Any CPU
		{BE9DB289-984D-436B-82D5-D4093C54F113}.Release|Any CPU.ActiveCfg = Release|Any CPU
		{BE9DB289-984D-436B-82D5-D4093C54F113}.Release|Any CPU.Build.0 = Release|Any CPU
		{3503286B-BC0E-4D50-8DF4-8190190C92BA}.Debug|Any CPU.ActiveCfg = Debug|Any CPU
		{3503286B-BC0E-4D50-8DF4-8190190C92BA}.Debug|Any CPU.Build.0 = Debug|Any CPU
		{3503286B-BC0E-4D50-8DF4-8190190C92BA}.Release|Any CPU.ActiveCfg = Release|Any CPU
		{3503286B-BC0E-4D50-8DF4-8190190C92BA}.Release|Any CPU.Build.0 = Release|Any CPU
		{595C5D55-0D19-44E4-B280-9C63B9DAF025}.Debug|Any CPU.ActiveCfg = Debug|Any CPU
		{595C5D55-0D19-44E4-B280-9C63B9DAF025}.Debug|Any CPU.Build.0 = Debug|Any CPU
		{595C5D55-0D19-44E4-B280-9C63B9DAF025}.Release|Any CPU.ActiveCfg = Release|Any CPU
		{595C5D55-0D19-44E4-B280-9C63B9DAF025}.Release|Any CPU.Build.0 = Release|Any CPU
		{FC021430-EA90-4E22-9452-4CC4827AB643}.Debug|Any CPU.ActiveCfg = Debug|Any CPU
		{FC021430-EA90-4E22-9452-4CC4827AB643}.Debug|Any CPU.Build.0 = Debug|Any CPU
		{FC021430-EA90-4E22-9452-4CC4827AB643}.Release|Any CPU.ActiveCfg = Release|Any CPU
		{FC021430-EA90-4E22-9452-4CC4827AB643}.Release|Any CPU.Build.0 = Release|Any CPU
	EndGlobalSection
	GlobalSection(SolutionProperties) = preSolution
		HideSolutionNode = FALSE
	EndGlobalSection
	GlobalSection(ExtensibilityGlobals) = postSolution
		SolutionGuid = {D1D73D7A-07A5-4747-8B86-5415A90E31E3}
	EndGlobalSection
EndGlobal
