
Microsoft Visual Studio Solution File, Format Version 12.00
# Visual Studio 15
Project("{FAE04EC0-301F-11D3-BF4B-00C04F79EFBC}") = "BoersenDatenService2", "BoersenDatenService1\BoersenDatenService2.csproj", "{46EC4FEF-6DFC-466D-82BE-E86D0C0EC4EB}"
EndProject
Global
	GlobalSection(SolutionConfigurationPlatforms) = preSolution
		Debug|Any CPU = Debug|Any CPU
		Release|Any CPU = Release|Any CPU
	EndGlobalSection
	GlobalSection(ProjectConfigurationPlatforms) = postSolution
		{46EC4FEF-6DFC-466D-82BE-E86D0C0EC4EB}.Debug|Any CPU.ActiveCfg = Debug|Any CPU
		{46EC4FEF-6DFC-466D-82BE-E86D0C0EC4EB}.Debug|Any CPU.Build.0 = Debug|Any CPU
		{46EC4FEF-6DFC-466D-82BE-E86D0C0EC4EB}.Release|Any CPU.ActiveCfg = Release|Any CPU
		{46EC4FEF-6DFC-466D-82BE-E86D0C0EC4EB}.Release|Any CPU.Build.0 = Release|Any CPU
	EndGlobalSection
EndGlobal
