
Microsoft Visual Studio Solution File, Format Version 12.00
# Visual Studio Version 16
VisualStudioVersion = 16.0.809.0
MinimumVisualStudioVersion = 10.0.40219.1
Project("{FAE04EC0-301F-11D3-BF4B-00C04F79EFBC}") = "FiBroGraphQL", "FiBroGraphQL\FiBroGraphQL.csproj", "{190D753F-5A3B-4963-B8C5-F3D75F4A8A35}"
EndProject
Global
	GlobalSection(SolutionConfigurationPlatforms) = preSolution
		Debug|Any CPU = Debug|Any CPU
		Release|Any CPU = Release|Any CPU
	EndGlobalSection
	GlobalSection(ProjectConfigurationPlatforms) = postSolution
		{190D753F-5A3B-4963-B8C5-F3D75F4A8A35}.Debug|Any CPU.ActiveCfg = Debug|Any CPU
		{190D753F-5A3B-4963-B8C5-F3D75F4A8A35}.Debug|Any CPU.Build.0 = Debug|Any CPU
		{190D753F-5A3B-4963-B8C5-F3D75F4A8A35}.Release|Any CPU.ActiveCfg = Release|Any CPU
		{190D753F-5A3B-4963-B8C5-F3D75F4A8A35}.Release|Any CPU.Build.0 = Release|Any CPU
	EndGlobalSection
	GlobalSection(SolutionProperties) = preSolution
		HideSolutionNode = FALSE
	EndGlobalSection
	GlobalSection(ExtensibilityGlobals) = postSolution
		SolutionGuid = {82887FFC-6BA7-471D-AC0F-2C85BC9EB42B}
	EndGlobalSection
EndGlobal
