
Microsoft Visual Studio Solution File, Format Version 12.00
# Visual Studio 15
Project("{FAE04EC0-301F-11D3-BF4B-00C04F79EFBC}") = "DataBaseWatcher", "DataBaseWatcher\DataBaseWatcher.csproj", "{18157501-3AE4-4D9B-ABC8-C055D22324CB}"
EndProject
Global
	GlobalSection(SolutionConfigurationPlatforms) = preSolution
		Debug|Any CPU = Debug|Any CPU
		Release|Any CPU = Release|Any CPU
	EndGlobalSection
	GlobalSection(ProjectConfigurationPlatforms) = postSolution
		{18157501-3AE4-4D9B-ABC8-C055D22324CB}.Debug|Any CPU.ActiveCfg = Debug|Any CPU
		{18157501-3AE4-4D9B-ABC8-C055D22324CB}.Debug|Any CPU.Build.0 = Debug|Any CPU
		{18157501-3AE4-4D9B-ABC8-C055D22324CB}.Release|Any CPU.ActiveCfg = Release|Any CPU
		{18157501-3AE4-4D9B-ABC8-C055D22324CB}.Release|Any CPU.Build.0 = Release|Any CPU
	EndGlobalSection
EndGlobal
